{
  "requires": true,
  "lockfileVersion": 1,
  "dependencies": {
    "darkmode-js": {
      "version": "1.5.6",
      "resolved": "https://registry.npmjs.org/darkmode-js/-/darkmode-js-1.5.6.tgz",
      "integrity": "sha512-V2HxC7yMK1ojK4ZgJCs/O0End6qF0BNfUy523ZUa8YIuB+/AoCnOZ2V0g/fgX5yl/0bqvqAjCbPwsOyaKeRCww=="
    }
  }
}
